
Microsoft Visual Studio Solution File, Format Version 12.00
# Visual Studio Version 17
VisualStudioVersion = 17.1.32407.343
MinimumVisualStudioVersion = 10.0.40219.1
Project("{FAE04EC0-301F-11D3-BF4B-00C04F79EFBC}") = "CarbonCutters", "CarbonCutters\CarbonCutters.csproj", "{1D0128C0-BEAC-4646-BB68-CDB90D98EABE}"
EndProject
Global
	GlobalSection(SolutionConfigurationPlatforms) = preSolution
		Debug|Any CPU = Debug|Any CPU
		Release|Any CPU = Release|Any CPU
	EndGlobalSection
	GlobalSection(ProjectConfigurationPlatforms) = postSolution
		{1D0128C0-BEAC-4646-BB68-CDB90D98EABE}.Debug|Any CPU.ActiveCfg = Debug|Any CPU
		{1D0128C0-BEAC-4646-BB68-CDB90D98EABE}.Debug|Any CPU.Build.0 = Debug|Any CPU
		{1D0128C0-BEAC-4646-BB68-CDB90D98EABE}.Release|Any CPU.ActiveCfg = Release|Any CPU
		{1D0128C0-BEAC-4646-BB68-CDB90D98EABE}.Release|Any CPU.Build.0 = Release|Any CPU
	EndGlobalSection
	GlobalSection(SolutionProperties) = preSolution
		HideSolutionNode = FALSE
	EndGlobalSection
	GlobalSection(ExtensibilityGlobals) = postSolution
		SolutionGuid = {E3E06B33-3E3C-4A8D-8FEF-8B6AA60550D6}
	EndGlobalSection
EndGlobal
